
Microsoft Visual Studio Solution File, Format Version 12.00
# Visual Studio Version 17
VisualStudioVersion = 17.2.32630.192
MinimumVisualStudioVersion = 10.0.40219.1
Project("{9A19103F-16F7-4668-BE54-9A1E7A4F7556}") = "Card_deck", "ConsoleApp1\Card_deck.csproj", "{51F6EEA9-189F-4227-924E-250D095FB761}"
EndProject
Global
	GlobalSection(SolutionConfigurationPlatforms) = preSolution
		Debug|Any CPU = Debug|Any CPU
		Release|Any CPU = Release|Any CPU
	EndGlobalSection
	GlobalSection(ProjectConfigurationPlatforms) = postSolution
		{51F6EEA9-189F-4227-924E-250D095FB761}.Debug|Any CPU.ActiveCfg = Debug|Any CPU
		{51F6EEA9-189F-4227-924E-250D095FB761}.Debug|Any CPU.Build.0 = Debug|Any CPU
		{51F6EEA9-189F-4227-924E-250D095FB761}.Release|Any CPU.ActiveCfg = Release|Any CPU
		{51F6EEA9-189F-4227-924E-250D095FB761}.Release|Any CPU.Build.0 = Release|Any CPU
	EndGlobalSection
	GlobalSection(SolutionProperties) = preSolution
		HideSolutionNode = FALSE
	EndGlobalSection
	GlobalSection(ExtensibilityGlobals) = postSolution
		SolutionGuid = {4F68F5DC-11B5-4DEB-9823-538D50409A50}
	EndGlobalSection
EndGlobal
